
Microsoft Visual Studio Solution File, Format Version 12.00
# Visual Studio Version 17
VisualStudioVersion = 17.1.32228.430
MinimumVisualStudioVersion = 10.0.40219.1
Project("{8BC9CEB8-8B4A-11D0-8D11-00A0C91BC942}") = "QueuePool", "QueuePool.vcxproj", "{A81812D6-71EF-4E2D-9AFE-ABF6967A949C}"
EndProject
Global
	GlobalSection(SolutionConfigurationPlatforms) = preSolution
		Debug|x64 = Debug|x64
		Debug|x86 = Debug|x86
		Release|x64 = Release|x64
		Release|x86 = Release|x86
	EndGlobalSection
	GlobalSection(ProjectConfigurationPlatforms) = postSolution
		{A81812D6-71EF-4E2D-9AFE-ABF6967A949C}.Debug|x64.ActiveCfg = Debug|x64
		{A81812D6-71EF-4E2D-9AFE-ABF6967A949C}.Debug|x64.Build.0 = Debug|x64
		{A81812D6-71EF-4E2D-9AFE-ABF6967A949C}.Debug|x86.ActiveCfg = Debug|Win32
		{A81812D6-71EF-4E2D-9AFE-ABF6967A949C}.Debug|x86.Build.0 = Debug|Win32
		{A81812D6-71EF-4E2D-9AFE-ABF6967A949C}.Release|x64.ActiveCfg = Release|x64
		{A81812D6-71EF-4E2D-9AFE-ABF6967A949C}.Release|x64.Build.0 = Release|x64
		{A81812D6-71EF-4E2D-9AFE-ABF6967A949C}.Release|x86.ActiveCfg = Release|Win32
		{A81812D6-71EF-4E2D-9AFE-ABF6967A949C}.Release|x86.Build.0 = Release|Win32
	EndGlobalSection
	GlobalSection(SolutionProperties) = preSolution
		HideSolutionNode = FALSE
	EndGlobalSection
	GlobalSection(ExtensibilityGlobals) = postSolution
		SolutionGuid = {C128AFD6-B2AC-40E1-8CEF-E26D45C68218}
	EndGlobalSection
EndGlobal
